
Microsoft Visual Studio Solution File, Format Version 12.00
# Visual Studio Version 17
VisualStudioVersion = 17.11.35312.102
MinimumVisualStudioVersion = 10.0.40219.1
Project("{FAE04EC0-301F-11D3-BF4B-00C04F79EFBC}") = "BetterOne", "BetterOne\BetterOne.csproj", "{D187DAC2-CCEC-4192-85D2-21D4327BAED1}"
EndProject
Project("{FAE04EC0-301F-11D3-BF4B-00C04F79EFBC}") = "Client", "Client\Client.csproj", "{45426B83-3BC7-464A-AD30-581ABE2A3B1F}"
EndProject
Global
	GlobalSection(SolutionConfigurationPlatforms) = preSolution
		Debug|Any CPU = Debug|Any CPU
		Release|Any CPU = Release|Any CPU
	EndGlobalSection
	GlobalSection(ProjectConfigurationPlatforms) = postSolution
		{D187DAC2-CCEC-4192-85D2-21D4327BAED1}.Debug|Any CPU.ActiveCfg = Debug|Any CPU
		{D187DAC2-CCEC-4192-85D2-21D4327BAED1}.Debug|Any CPU.Build.0 = Debug|Any CPU
		{D187DAC2-CCEC-4192-85D2-21D4327BAED1}.Release|Any CPU.ActiveCfg = Release|Any CPU
		{D187DAC2-CCEC-4192-85D2-21D4327BAED1}.Release|Any CPU.Build.0 = Release|Any CPU
		{45426B83-3BC7-464A-AD30-581ABE2A3B1F}.Debug|Any CPU.ActiveCfg = Debug|Any CPU
		{45426B83-3BC7-464A-AD30-581ABE2A3B1F}.Debug|Any CPU.Build.0 = Debug|Any CPU
		{45426B83-3BC7-464A-AD30-581ABE2A3B1F}.Release|Any CPU.ActiveCfg = Release|Any CPU
		{45426B83-3BC7-464A-AD30-581ABE2A3B1F}.Release|Any CPU.Build.0 = Release|Any CPU
	EndGlobalSection
	GlobalSection(SolutionProperties) = preSolution
		HideSolutionNode = FALSE
	EndGlobalSection
	GlobalSection(ExtensibilityGlobals) = postSolution
		SolutionGuid = {8017A45B-FBDB-43D1-B86C-ABEC1AE16E8D}
	EndGlobalSection
EndGlobal
